lockfileVersion: '9.0'

settings:
  autoInstallPeers: true
  excludeLinksFromLockfile: false

importers:

  .:
    devDependencies:
      typescript:
        specifier: 5.6.3
        version: 5.6.3

  mod1: {}

  mod2:
    dependencies:
      mod1:
        specifier: workspace:*
        version: link:../mod1

  mod3:
    dependencies:
      mod2:
        specifier: workspace:*
        version: link:../mod2

packages:

  typescript@5.6.3:
    resolution: {integrity: sha512-hjcS1mhfuyi4WW8IWtjP7brDrG2cuDZukyrYrSauoXGNgx0S7zceP07adYkJycEr56BOUTNPzbInooiN3fn1qw==}
    engines: {node: '>=14.17'}
    hasBin: true

snapshots:

  typescript@5.6.3: {}
